
Microsoft Visual Studio Solution File, Format Version 12.00
# Visual Studio Version 17
VisualStudioVersion = 17.7.34202.233
MinimumVisualStudioVersion = 10.0.40219.1
Project("{FAE04EC0-301F-11D3-BF4B-00C04F79EFBC}") = "01.WinForm_Giris", "01.WinForm_Giris\01.WinForm_Giris.csproj", "{FB4EE637-0D3B-481B-B278-27FEFD5FFAB8}"
EndProject
Project("{FAE04EC0-301F-11D3-BF4B-00C04F79EFBC}") = "02.Winform_Kadi", "02.Winform_Kadi\02.Winform_Kadi.csproj", "{F2239F1A-9A4E-419D-A7DA-EC38F6C9A3E9}"
EndProject
Project("{FAE04EC0-301F-11D3-BF4B-00C04F79EFBC}") = "03.WinForm_HesapMakinesi", "03.WinForm_HesapMakinesi\03.WinForm_HesapMakinesi.csproj", "{0E20398A-FCF8-4E38-BAB5-4FF6EF91EFB6}"
EndProject
Global
	GlobalSection(SolutionConfigurationPlatforms) = preSolution
		Debug|Any CPU = Debug|Any CPU
		Release|Any CPU = Release|Any CPU
	EndGlobalSection
	GlobalSection(ProjectConfigurationPlatforms) = postSolution
		{FB4EE637-0D3B-481B-B278-27FEFD5FFAB8}.Debug|Any CPU.ActiveCfg = Debug|Any CPU
		{FB4EE637-0D3B-481B-B278-27FEFD5FFAB8}.Debug|Any CPU.Build.0 = Debug|Any CPU
		{FB4EE637-0D3B-481B-B278-27FEFD5FFAB8}.Release|Any CPU.ActiveCfg = Release|Any CPU
		{FB4EE637-0D3B-481B-B278-27FEFD5FFAB8}.Release|Any CPU.Build.0 = Release|Any CPU
		{F2239F1A-9A4E-419D-A7DA-EC38F6C9A3E9}.Debug|Any CPU.ActiveCfg = Debug|Any CPU
		{F2239F1A-9A4E-419D-A7DA-EC38F6C9A3E9}.Debug|Any CPU.Build.0 = Debug|Any CPU
		{F2239F1A-9A4E-419D-A7DA-EC38F6C9A3E9}.Release|Any CPU.ActiveCfg = Release|Any CPU
		{F2239F1A-9A4E-419D-A7DA-EC38F6C9A3E9}.Release|Any CPU.Build.0 = Release|Any CPU
		{0E20398A-FCF8-4E38-BAB5-4FF6EF91EFB6}.Debug|Any CPU.ActiveCfg = Debug|Any CPU
		{0E20398A-FCF8-4E38-BAB5-4FF6EF91EFB6}.Debug|Any CPU.Build.0 = Debug|Any CPU
		{0E20398A-FCF8-4E38-BAB5-4FF6EF91EFB6}.Release|Any CPU.ActiveCfg = Release|Any CPU
		{0E20398A-FCF8-4E38-BAB5-4FF6EF91EFB6}.Release|Any CPU.Build.0 = Release|Any CPU
	EndGlobalSection
	GlobalSection(SolutionProperties) = preSolution
		HideSolutionNode = FALSE
	EndGlobalSection
	GlobalSection(ExtensibilityGlobals) = postSolution
		SolutionGuid = {F8AFFECF-5120-4209-84AC-07D5A7A4F67E}
	EndGlobalSection
EndGlobal
